
Microsoft Visual Studio Solution File, Format Version 12.00
# Visual Studio Version 16
VisualStudioVersion = 16.0.30225.117
MinimumVisualStudioVersion = 10.0.40219.1
Project("{9A19103F-16F7-4668-BE54-9A1E7A4F7556}") = "HiQo Remote Booking", "HiQo Remote Booking\HiQo Remote Booking.csproj", "{37137321-9172-4261-B862-13F6FB65F1B9}"
EndProject
Project("{9A19103F-16F7-4668-BE54-9A1E7A4F7556}") = "Common", "Common\Common.csproj", "{F33B56FB-FCC4-4BE7-A4C6-9BACB59ECD0E}"
EndProject
Project("{9A19103F-16F7-4668-BE54-9A1E7A4F7556}") = "DB", "DB\DB.csproj", "{C656A560-0E20-4536-90EF-82B730BD1CBC}"
EndProject
Project("{9A19103F-16F7-4668-BE54-9A1E7A4F7556}") = "Repository", "Repository\Repository.csproj", "{EA5A3ECD-7372-4CD4-A8FF-63B98C437079}"
EndProject
Project("{9A19103F-16F7-4668-BE54-9A1E7A4F7556}") = "Service", "Service\Service.csproj", "{6125F992-C169-4FCD-8991-E8C2B28DF80C}"
EndProject
Project("{9A19103F-16F7-4668-BE54-9A1E7A4F7556}") = "DbScheduler", "DbScheduler\DbScheduler.csproj", "{CF5AB32C-7F6D-4FA2-88AE-29620FDE9A79}"
EndProject
Project("{9A19103F-16F7-4668-BE54-9A1E7A4F7556}") = "PortalApiCheck", "PortalApiCheck\PortalApiCheck.csproj", "{62AE18EE-C850-476D-BD2C-61796428B4C2}"
EndProject
Project("{9A19103F-16F7-4668-BE54-9A1E7A4F7556}") = "Profiles", "Profiles\Profiles.csproj", "{C8465A25-54DE-45F7-A208-AB5117EE497A}"
EndProject
Project("{9A19103F-16F7-4668-BE54-9A1E7A4F7556}") = "DtoCommon", "DtoCommon\DtoCommon.csproj", "{E75582D2-2A1C-4AD4-812C-14BCD8B22D8D}"
EndProject
Project("{9A19103F-16F7-4668-BE54-9A1E7A4F7556}") = "Service.Tests", "Service.Tests\Service.Tests.csproj", "{CFE85ED1-D93D-4F1F-A8D8-4C7B1705FBF7}"
EndProject
Global
	GlobalSection(SolutionConfigurationPlatforms) = preSolution
		Debug|Any CPU = Debug|Any CPU
		Release|Any CPU = Release|Any CPU
	EndGlobalSection
	GlobalSection(ProjectConfigurationPlatforms) = postSolution
		{37137321-9172-4261-B862-13F6FB65F1B9}.Debug|Any CPU.ActiveCfg = Debug|Any CPU
		{37137321-9172-4261-B862-13F6FB65F1B9}.Debug|Any CPU.Build.0 = Debug|Any CPU
		{37137321-9172-4261-B862-13F6FB65F1B9}.Release|Any CPU.ActiveCfg = Release|Any CPU
		{37137321-9172-4261-B862-13F6FB65F1B9}.Release|Any CPU.Build.0 = Release|Any CPU
		{F33B56FB-FCC4-4BE7-A4C6-9BACB59ECD0E}.Debug|Any CPU.ActiveCfg = Debug|Any CPU
		{F33B56FB-FCC4-4BE7-A4C6-9BACB59ECD0E}.Debug|Any CPU.Build.0 = Debug|Any CPU
		{F33B56FB-FCC4-4BE7-A4C6-9BACB59ECD0E}.Release|Any CPU.ActiveCfg = Release|Any CPU
		{F33B56FB-FCC4-4BE7-A4C6-9BACB59ECD0E}.Release|Any CPU.Build.0 = Release|Any CPU
		{C656A560-0E20-4536-90EF-82B730BD1CBC}.Debug|Any CPU.ActiveCfg = Debug|Any CPU
		{C656A560-0E20-4536-90EF-82B730BD1CBC}.Debug|Any CPU.Build.0 = Debug|Any CPU
		{C656A560-0E20-4536-90EF-82B730BD1CBC}.Release|Any CPU.ActiveCfg = Release|Any CPU
		{C656A560-0E20-4536-90EF-82B730BD1CBC}.Release|Any CPU.Build.0 = Release|Any CPU
		{EA5A3ECD-7372-4CD4-A8FF-63B98C437079}.Debug|Any CPU.ActiveCfg = Debug|Any CPU
		{EA5A3ECD-7372-4CD4-A8FF-63B98C437079}.Debug|Any CPU.Build.0 = Debug|Any CPU
		{EA5A3ECD-7372-4CD4-A8FF-63B98C437079}.Release|Any CPU.ActiveCfg = Release|Any CPU
		{EA5A3ECD-7372-4CD4-A8FF-63B98C437079}.Release|Any CPU.Build.0 = Release|Any CPU
		{6125F992-C169-4FCD-8991-E8C2B28DF80C}.Debug|Any CPU.ActiveCfg = Debug|Any CPU
		{6125F992-C169-4FCD-8991-E8C2B28DF80C}.Debug|Any CPU.Build.0 = Debug|Any CPU
		{6125F992-C169-4FCD-8991-E8C2B28DF80C}.Release|Any CPU.ActiveCfg = Release|Any CPU
		{6125F992-C169-4FCD-8991-E8C2B28DF80C}.Release|Any CPU.Build.0 = Release|Any CPU
		{CF5AB32C-7F6D-4FA2-88AE-29620FDE9A79}.Debug|Any CPU.ActiveCfg = Debug|Any CPU
		{CF5AB32C-7F6D-4FA2-88AE-29620FDE9A79}.Debug|Any CPU.Build.0 = Debug|Any CPU
		{CF5AB32C-7F6D-4FA2-88AE-29620FDE9A79}.Release|Any CPU.ActiveCfg = Release|Any CPU
		{CF5AB32C-7F6D-4FA2-88AE-29620FDE9A79}.Release|Any CPU.Build.0 = Release|Any CPU
		{62AE18EE-C850-476D-BD2C-61796428B4C2}.Debug|Any CPU.ActiveCfg = Debug|Any CPU
		{62AE18EE-C850-476D-BD2C-61796428B4C2}.Debug|Any CPU.Build.0 = Debug|Any CPU
		{62AE18EE-C850-476D-BD2C-61796428B4C2}.Release|Any CPU.ActiveCfg = Release|Any CPU
		{62AE18EE-C850-476D-BD2C-61796428B4C2}.Release|Any CPU.Build.0 = Release|Any CPU
		{C8465A25-54DE-45F7-A208-AB5117EE497A}.Debug|Any CPU.ActiveCfg = Debug|Any CPU
		{C8465A25-54DE-45F7-A208-AB5117EE497A}.Debug|Any CPU.Build.0 = Debug|Any CPU
		{C8465A25-54DE-45F7-A208-AB5117EE497A}.Release|Any CPU.ActiveCfg = Release|Any CPU
		{C8465A25-54DE-45F7-A208-AB5117EE497A}.Release|Any CPU.Build.0 = Release|Any CPU
		{E75582D2-2A1C-4AD4-812C-14BCD8B22D8D}.Debug|Any CPU.ActiveCfg = Debug|Any CPU
		{E75582D2-2A1C-4AD4-812C-14BCD8B22D8D}.Debug|Any CPU.Build.0 = Debug|Any CPU
		{E75582D2-2A1C-4AD4-812C-14BCD8B22D8D}.Release|Any CPU.ActiveCfg = Release|Any CPU
		{E75582D2-2A1C-4AD4-812C-14BCD8B22D8D}.Release|Any CPU.Build.0 = Release|Any CPU
		{CFE85ED1-D93D-4F1F-A8D8-4C7B1705FBF7}.Debug|Any CPU.ActiveCfg = Debug|Any CPU
		{CFE85ED1-D93D-4F1F-A8D8-4C7B1705FBF7}.Debug|Any CPU.Build.0 = Debug|Any CPU
		{CFE85ED1-D93D-4F1F-A8D8-4C7B1705FBF7}.Release|Any CPU.ActiveCfg = Release|Any CPU
		{CFE85ED1-D93D-4F1F-A8D8-4C7B1705FBF7}.Release|Any CPU.Build.0 = Release|Any CPU
	EndGlobalSection
	GlobalSection(SolutionProperties) = preSolution
		HideSolutionNode = FALSE
	EndGlobalSection
	GlobalSection(ExtensibilityGlobals) = postSolution
		SolutionGuid = {36735A1E-E3CA-4EAC-9219-38CF858BFA82}
	EndGlobalSection
EndGlobal
