
Microsoft Visual Studio Solution File, Format Version 12.00
# Visual Studio Version 16
VisualStudioVersion = 16.0.30225.117
MinimumVisualStudioVersion = 10.0.40219.1
Project("{9A19103F-16F7-4668-BE54-9A1E7A4F7556}") = "HiQo Remote Booking", "HiQo Remote Booking\HiQo Remote Booking.csproj", "{37137321-9172-4261-B862-13F6FB65F1B9}"
EndProject
Project("{9A19103F-16F7-4668-BE54-9A1E7A4F7556}") = "Common", "Common\Common.csproj", "{F33B56FB-FCC4-4BE7-A4C6-9BACB59ECD0E}"
EndProject
Project("{9A19103F-16F7-4668-BE54-9A1E7A4F7556}") = "DB", "DB\DB.csproj", "{C656A560-0E20-4536-90EF-82B730BD1CBC}"
EndProject
Project("{9A19103F-16F7-4668-BE54-9A1E7A4F7556}") = "Repository", "Repository\Repository.csproj", "{EA5A3ECD-7372-4CD4-A8FF-63B98C437079}"
EndProject
Project("{FAE04EC0-301F-11D3-BF4B-00C04F79EFBC}") = "PortalApiCheck", "PortalApiCheck\PortalApiCheck.csproj", "{02B7862B-6921-4C56-AF5E-28813E41A47C}"
EndProject
Project("{9A19103F-16F7-4668-BE54-9A1E7A4F7556}") = "DbScheduler", "DbScheduler\DbScheduler.csproj", "{B7FAF358-E4FC-4C15-81A6-70D21EC76D8E}"
EndProject
Global
	GlobalSection(SolutionConfigurationPlatforms) = preSolution
		Debug|Any CPU = Debug|Any CPU
		Release|Any CPU = Release|Any CPU
	EndGlobalSection
	GlobalSection(ProjectConfigurationPlatforms) = postSolution
		{37137321-9172-4261-B862-13F6FB65F1B9}.Debug|Any CPU.ActiveCfg = Debug|Any CPU
		{37137321-9172-4261-B862-13F6FB65F1B9}.Debug|Any CPU.Build.0 = Debug|Any CPU
		{37137321-9172-4261-B862-13F6FB65F1B9}.Release|Any CPU.ActiveCfg = Release|Any CPU
		{37137321-9172-4261-B862-13F6FB65F1B9}.Release|Any CPU.Build.0 = Release|Any CPU
		{F33B56FB-FCC4-4BE7-A4C6-9BACB59ECD0E}.Debug|Any CPU.ActiveCfg = Debug|Any CPU
		{F33B56FB-FCC4-4BE7-A4C6-9BACB59ECD0E}.Debug|Any CPU.Build.0 = Debug|Any CPU
		{F33B56FB-FCC4-4BE7-A4C6-9BACB59ECD0E}.Release|Any CPU.ActiveCfg = Release|Any CPU
		{F33B56FB-FCC4-4BE7-A4C6-9BACB59ECD0E}.Release|Any CPU.Build.0 = Release|Any CPU
		{C656A560-0E20-4536-90EF-82B730BD1CBC}.Debug|Any CPU.ActiveCfg = Debug|Any CPU
		{C656A560-0E20-4536-90EF-82B730BD1CBC}.Debug|Any CPU.Build.0 = Debug|Any CPU
		{C656A560-0E20-4536-90EF-82B730BD1CBC}.Release|Any CPU.ActiveCfg = Release|Any CPU
		{C656A560-0E20-4536-90EF-82B730BD1CBC}.Release|Any CPU.Build.0 = Release|Any CPU
		{EA5A3ECD-7372-4CD4-A8FF-63B98C437079}.Debug|Any CPU.ActiveCfg = Debug|Any CPU
		{EA5A3ECD-7372-4CD4-A8FF-63B98C437079}.Debug|Any CPU.Build.0 = Debug|Any CPU
		{EA5A3ECD-7372-4CD4-A8FF-63B98C437079}.Release|Any CPU.ActiveCfg = Release|Any CPU
		{EA5A3ECD-7372-4CD4-A8FF-63B98C437079}.Release|Any CPU.Build.0 = Release|Any CPU
		{02B7862B-6921-4C56-AF5E-28813E41A47C}.Debug|Any CPU.ActiveCfg = Debug|Any CPU
		{02B7862B-6921-4C56-AF5E-28813E41A47C}.Debug|Any CPU.Build.0 = Debug|Any CPU
		{02B7862B-6921-4C56-AF5E-28813E41A47C}.Release|Any CPU.ActiveCfg = Release|Any CPU
		{02B7862B-6921-4C56-AF5E-28813E41A47C}.Release|Any CPU.Build.0 = Release|Any CPU
		{B7FAF358-E4FC-4C15-81A6-70D21EC76D8E}.Debug|Any CPU.ActiveCfg = Debug|Any CPU
		{B7FAF358-E4FC-4C15-81A6-70D21EC76D8E}.Debug|Any CPU.Build.0 = Debug|Any CPU
		{B7FAF358-E4FC-4C15-81A6-70D21EC76D8E}.Release|Any CPU.ActiveCfg = Release|Any CPU
		{B7FAF358-E4FC-4C15-81A6-70D21EC76D8E}.Release|Any CPU.Build.0 = Release|Any CPU
	EndGlobalSection
	GlobalSection(SolutionProperties) = preSolution
		HideSolutionNode = FALSE
	EndGlobalSection
	GlobalSection(ExtensibilityGlobals) = postSolution
		SolutionGuid = {36735A1E-E3CA-4EAC-9219-38CF858BFA82}
	EndGlobalSection
EndGlobal
